
Microsoft Visual Studio Solution File, Format Version 12.00
# Visual Studio Version 18
VisualStudioVersion = 18.10.12106.202
MinimumVisualStudioVersion = 10.0.40219.1
Project("{FAE04EC0-301F-11D3-BF4B-00C04F79EFBC}") = "NetPulseApp", "NetPulseApp\NetPulseApp.csproj", "{1A0ADAE8-F84D-4972-A6B8-4B6DDF141C2E}"
EndProject
Project("{C7167F0D-BC9F-4E6E-AFE1-012C56B48DB5}") = "WinAppPakaging", "WinAppPakaging\WinAppPakaging.wapproj", "{48435233-8ECD-4374-9E5E-C402370B1551}"
EndProject
Global
	GlobalSection(SolutionConfigurationPlatforms) = preSolution
		Debug|Any CPU = Debug|Any CPU
		Debug|ARM = Debug|ARM
		Debug|ARM64 = Debug|ARM64
		Debug|x64 = Debug|x64
		Debug|x86 = Debug|x86
		Release|Any CPU = Release|Any CPU
		Release|ARM = Release|ARM
		Release|ARM64 = Release|ARM64
		Release|x64 = Release|x64
		Release|x86 = Release|x86
	EndGlobalSection
	GlobalSection(ProjectConfigurationPlatforms) = postSolution
		{1A0ADAE8-F84D-4972-A6B8-4B6DDF141C2E}.Debug|Any CPU.ActiveCfg = Debug|Any CPU
		{1A0ADAE8-F84D-4972-A6B8-4B6DDF141C2E}.Debug|Any CPU.Build.0 = Debug|Any CPU
		{1A0ADAE8-F84D-4972-A6B8-4B6DDF141C2E}.Debug|ARM.ActiveCfg = Debug|Any CPU
		{1A0ADAE8-F84D-4972-A6B8-4B6DDF141C2E}.Debug|ARM.Build.0 = Debug|Any CPU
		{1A0ADAE8-F84D-4972-A6B8-4B6DDF141C2E}.Debug|ARM64.ActiveCfg = Debug|Any CPU
		{1A0ADAE8-F84D-4972-A6B8-4B6DDF141C2E}.Debug|ARM64.Build.0 = Debug|Any CPU
		{1A0ADAE8-F84D-4972-A6B8-4B6DDF141C2E}.Debug|x64.ActiveCfg = Debug|Any CPU
		{1A0ADAE8-F84D-4972-A6B8-4B6DDF141C2E}.Debug|x64.Build.0 = Debug|Any CPU
		{1A0ADAE8-F84D-4972-A6B8-4B6DDF141C2E}.Debug|x86.ActiveCfg = Debug|Any CPU
		{1A0ADAE8-F84D-4972-A6B8-4B6DDF141C2E}.Debug|x86.Build.0 = Debug|Any CPU
		{1A0ADAE8-F84D-4972-A6B8-4B6DDF141C2E}.Release|Any CPU.ActiveCfg = Release|Any CPU
		{1A0ADAE8-F84D-4972-A6B8-4B6DDF141C2E}.Release|Any CPU.Build.0 = Release|Any CPU
		{1A0ADAE8-F84D-4972-A6B8-4B6DDF141C2E}.Release|ARM.ActiveCfg = Release|Any CPU
		{1A0ADAE8-F84D-4972-A6B8-4B6DDF141C2E}.Release|ARM.Build.0 = Release|Any CPU
		{1A0ADAE8-F84D-4972-A6B8-4B6DDF141C2E}.Release|ARM64.ActiveCfg = Release|Any CPU
		{1A0ADAE8-F84D-4972-A6B8-4B6DDF141C2E}.Release|ARM64.Build.0 = Release|Any CPU
		{1A0ADAE8-F84D-4972-A6B8-4B6DDF141C2E}.Release|x64.ActiveCfg = Release|Any CPU
		{1A0ADAE8-F84D-4972-A6B8-4B6DDF141C2E}.Release|x64.Build.0 = Release|Any CPU
		{1A0ADAE8-F84D-4972-A6B8-4B6DDF141C2E}.Release|x86.ActiveCfg = Release|Any CPU
		{1A0ADAE8-F84D-4972-A6B8-4B6DDF141C2E}.Release|x86.Build.0 = Release|Any CPU
		{48435233-8ECD-4374-9E5E-C402370B1551}.Debug|Any CPU.ActiveCfg = Debug|Any CPU
		{48435233-8ECD-4374-9E5E-C402370B1551}.Debug|Any CPU.Build.0 = Debug|Any CPU
		{48435233-8ECD-4374-9E5E-C402370B1551}.Debug|Any CPU.Deploy.0 = Debug|Any CPU
		{48435233-8ECD-4374-9E5E-C402370B1551}.Debug|ARM.ActiveCfg = Debug|ARM
		{48435233-8ECD-4374-9E5E-C402370B1551}.Debug|ARM.Build.0 = Debug|ARM
		{48435233-8ECD-4374-9E5E-C402370B1551}.Debug|ARM.Deploy.0 = Debug|ARM
		{48435233-8ECD-4374-9E5E-C402370B1551}.Debug|ARM64.ActiveCfg = Debug|ARM64
		{48435233-8ECD-4374-9E5E-C402370B1551}.Debug|ARM64.Build.0 = Debug|ARM64
		{48435233-8ECD-4374-9E5E-C402370B1551}.Debug|ARM64.Deploy.0 = Debug|ARM64
		{48435233-8ECD-4374-9E5E-C402370B1551}.Debug|x64.ActiveCfg = Debug|x64
		{48435233-8ECD-4374-9E5E-C402370B1551}.Debug|x64.Build.0 = Debug|x64
		{48435233-8ECD-4374-9E5E-C402370B1551}.Debug|x64.Deploy.0 = Debug|x64
		{48435233-8ECD-4374-9E5E-C402370B1551}.Debug|x86.ActiveCfg = Debug|x86
		{48435233-8ECD-4374-9E5E-C402370B1551}.Debug|x86.Build.0 = Debug|x86
		{48435233-8ECD-4374-9E5E-C402370B1551}.Debug|x86.Deploy.0 = Debug|x86
		{48435233-8ECD-4374-9E5E-C402370B1551}.Release|Any CPU.ActiveCfg = Release|Any CPU
		{48435233-8ECD-4374-9E5E-C402370B1551}.Release|Any CPU.Build.0 = Release|Any CPU
		{48435233-8ECD-4374-9E5E-C402370B1551}.Release|Any CPU.Deploy.0 = Release|Any CPU
		{48435233-8ECD-4374-9E5E-C402370B1551}.Release|ARM.ActiveCfg = Release|ARM
		{48435233-8ECD-4374-9E5E-C402370B1551}.Release|ARM.Build.0 = Release|ARM
		{48435233-8ECD-4374-9E5E-C402370B1551}.Release|ARM.Deploy.0 = Release|ARM
		{48435233-8ECD-4374-9E5E-C402370B1551}.Release|ARM64.ActiveCfg = Release|ARM64
		{48435233-8ECD-4374-9E5E-C402370B1551}.Release|ARM64.Build.0 = Release|ARM64
		{48435233-8ECD-4374-9E5E-C402370B1551}.Release|ARM64.Deploy.0 = Release|ARM64
		{48435233-8ECD-4374-9E5E-C402370B1551}.Release|x64.ActiveCfg = Release|x64
		{48435233-8ECD-4374-9E5E-C402370B1551}.Release|x64.Build.0 = Release|x64
		{48435233-8ECD-4374-9E5E-C402370B1551}.Release|x64.Deploy.0 = Release|x64
		{48435233-8ECD-4374-9E5E-C402370B1551}.Release|x86.ActiveCfg = Release|x86
		{48435233-8ECD-4374-9E5E-C402370B1551}.Release|x86.Build.0 = Release|x86
		{48435233-8ECD-4374-9E5E-C402370B1551}.Release|x86.Deploy.0 = Release|x86
	EndGlobalSection
	GlobalSection(SolutionProperties) = preSolution
		HideSolutionNode = FALSE
	EndGlobalSection
	GlobalSection(ExtensibilityGlobals) = postSolution
		SolutionGuid = {8FE585C8-E1B3-4DF1-8A3E-7480D8DEF0C8}
	EndGlobalSection
EndGlobal
